
Microsoft Visual Studio Solution File, Format Version 12.00
# Visual Studio Version 17
VisualStudioVersion = 17.10.35027.167
MinimumVisualStudioVersion = 10.0.40219.1
Project("{FAE04EC0-301F-11D3-BF4B-00C04F79EFBC}") = "Lotto@", "Lotto@\Lotto@.csproj", "{F45F9564-E0A2-4D75-A4D5-6AAF9E31CF3C}"
EndProject
Global
	GlobalSection(SolutionConfigurationPlatforms) = preSolution
		Debug|Any CPU = Debug|Any CPU
		Release|Any CPU = Release|Any CPU
	EndGlobalSection
	GlobalSection(ProjectConfigurationPlatforms) = postSolution
		{F45F9564-E0A2-4D75-A4D5-6AAF9E31CF3C}.Debug|Any CPU.ActiveCfg = Debug|Any CPU
		{F45F9564-E0A2-4D75-A4D5-6AAF9E31CF3C}.Debug|Any CPU.Build.0 = Debug|Any CPU
		{F45F9564-E0A2-4D75-A4D5-6AAF9E31CF3C}.Release|Any CPU.ActiveCfg = Release|Any CPU
		{F45F9564-E0A2-4D75-A4D5-6AAF9E31CF3C}.Release|Any CPU.Build.0 = Release|Any CPU
	EndGlobalSection
	GlobalSection(SolutionProperties) = preSolution
		HideSolutionNode = FALSE
	EndGlobalSection
	GlobalSection(ExtensibilityGlobals) = postSolution
		SolutionGuid = {E224691B-1533-40D6-A6E6-9C04EEFE86CB}
	EndGlobalSection
EndGlobal
